
Microsoft Visual Studio Solution File, Format Version 12.00
# Visual Studio Version 16
VisualStudioVersion = 16.0.30804.86
MinimumVisualStudioVersion = 10.0.40219.1
Project("{FAE04EC0-301F-11D3-BF4B-00C04F79EFBC}") = "Test-Interface-Bank-khadija", "Test-Interface-Bank-khadija\Test-Interface-Bank-khadija.csproj", "{C21ED312-EC93-406D-8BDB-EB5F080EDDB7}"
EndProject
Global
	GlobalSection(SolutionConfigurationPlatforms) = preSolution
		Debug|Any CPU = Debug|Any CPU
		Release|Any CPU = Release|Any CPU
	EndGlobalSection
	GlobalSection(ProjectConfigurationPlatforms) = postSolution
		{C21ED312-EC93-406D-8BDB-EB5F080EDDB7}.Debug|Any CPU.ActiveCfg = Debug|Any CPU
		{C21ED312-EC93-406D-8BDB-EB5F080EDDB7}.Debug|Any CPU.Build.0 = Debug|Any CPU
		{C21ED312-EC93-406D-8BDB-EB5F080EDDB7}.Release|Any CPU.ActiveCfg = Release|Any CPU
		{C21ED312-EC93-406D-8BDB-EB5F080EDDB7}.Release|Any CPU.Build.0 = Release|Any CPU
	EndGlobalSection
	GlobalSection(SolutionProperties) = preSolution
		HideSolutionNode = FALSE
	EndGlobalSection
	GlobalSection(ExtensibilityGlobals) = postSolution
		SolutionGuid = {A454AF19-35E3-41A9-A181-F53BD37A0A0C}
	EndGlobalSection
EndGlobal
